
Microsoft Visual Studio Solution File, Format Version 12.00
# Visual Studio 15
VisualStudioVersion = 15.0.26124.0
MinimumVisualStudioVersion = 15.0.26124.0
Project("{FAE04EC0-301F-11D3-BF4B-00C04F79EFBC}") = "Text", "Text\Text.csproj", "{1C8EC273-CB12-450E-8490-0EC396A436EF}"
EndProject
Project("{FAE04EC0-301F-11D3-BF4B-00C04F79EFBC}") = "Text.Tests", "Text.Tests\Text.Tests.csproj", "{27AB1567-1260-4727-A5AA-8928C4AB525E}"
EndProject
Global
	GlobalSection(SolutionConfigurationPlatforms) = preSolution
		Debug|Any CPU = Debug|Any CPU
		Debug|x64 = Debug|x64
		Debug|x86 = Debug|x86
		Release|Any CPU = Release|Any CPU
		Release|x64 = Release|x64
		Release|x86 = Release|x86
	EndGlobalSection
	GlobalSection(SolutionProperties) = preSolution
		HideSolutionNode = FALSE
	EndGlobalSection
	GlobalSection(ProjectConfigurationPlatforms) = postSolution
		{1C8EC273-CB12-450E-8490-0EC396A436EF}.Debug|Any CPU.ActiveCfg = Debug|Any CPU
		{1C8EC273-CB12-450E-8490-0EC396A436EF}.Debug|Any CPU.Build.0 = Debug|Any CPU
		{1C8EC273-CB12-450E-8490-0EC396A436EF}.Debug|x64.ActiveCfg = Debug|Any CPU
		{1C8EC273-CB12-450E-8490-0EC396A436EF}.Debug|x64.Build.0 = Debug|Any CPU
		{1C8EC273-CB12-450E-8490-0EC396A436EF}.Debug|x86.ActiveCfg = Debug|Any CPU
		{1C8EC273-CB12-450E-8490-0EC396A436EF}.Debug|x86.Build.0 = Debug|Any CPU
		{1C8EC273-CB12-450E-8490-0EC396A436EF}.Release|Any CPU.ActiveCfg = Release|Any CPU
		{1C8EC273-CB12-450E-8490-0EC396A436EF}.Release|Any CPU.Build.0 = Release|Any CPU
		{1C8EC273-CB12-450E-8490-0EC396A436EF}.Release|x64.ActiveCfg = Release|Any CPU
		{1C8EC273-CB12-450E-8490-0EC396A436EF}.Release|x64.Build.0 = Release|Any CPU
		{1C8EC273-CB12-450E-8490-0EC396A436EF}.Release|x86.ActiveCfg = Release|Any CPU
		{1C8EC273-CB12-450E-8490-0EC396A436EF}.Release|x86.Build.0 = Release|Any CPU
		{27AB1567-1260-4727-A5AA-8928C4AB525E}.Debug|Any CPU.ActiveCfg = Debug|Any CPU
		{27AB1567-1260-4727-A5AA-8928C4AB525E}.Debug|Any CPU.Build.0 = Debug|Any CPU
		{27AB1567-1260-4727-A5AA-8928C4AB525E}.Debug|x64.ActiveCfg = Debug|Any CPU
		{27AB1567-1260-4727-A5AA-8928C4AB525E}.Debug|x64.Build.0 = Debug|Any CPU
		{27AB1567-1260-4727-A5AA-8928C4AB525E}.Debug|x86.ActiveCfg = Debug|Any CPU
		{27AB1567-1260-4727-A5AA-8928C4AB525E}.Debug|x86.Build.0 = Debug|Any CPU
		{27AB1567-1260-4727-A5AA-8928C4AB525E}.Release|Any CPU.ActiveCfg = Release|Any CPU
		{27AB1567-1260-4727-A5AA-8928C4AB525E}.Release|Any CPU.Build.0 = Release|Any CPU
		{27AB1567-1260-4727-A5AA-8928C4AB525E}.Release|x64.ActiveCfg = Release|Any CPU
		{27AB1567-1260-4727-A5AA-8928C4AB525E}.Release|x64.Build.0 = Release|Any CPU
		{27AB1567-1260-4727-A5AA-8928C4AB525E}.Release|x86.ActiveCfg = Release|Any CPU
		{27AB1567-1260-4727-A5AA-8928C4AB525E}.Release|x86.Build.0 = Release|Any CPU
	EndGlobalSection
EndGlobal
